
Microsoft Visual Studio Solution File, Format Version 12.00
# Visual Studio Version 17
VisualStudioVersion = 17.0.31912.275
MinimumVisualStudioVersion = 10.0.40219.1
Project("{2150E333-8FDC-42A3-9474-1A3956D46DE8}") = "Services", "Services", "{14C6DD11-FD06-4A05-8886-F3477F9EF436}"
EndProject
Project("{2150E333-8FDC-42A3-9474-1A3956D46DE8}") = "Comments", "Comments", "{32577432-79A3-436B-BE28-54340CEEFF3E}"
EndProject
Project("{9A19103F-16F7-4668-BE54-9A1E7A4F7556}") = "Comments.API", "Services\Comments\Comments.API\Comments.API.csproj", "{0AD3C86F-3065-4E3F-86A5-12186855EDF9}"
EndProject
Project("{2150E333-8FDC-42A3-9474-1A3956D46DE8}") = "Blogging", "Blogging", "{D35F234C-633C-47AD-8ABB-4F5C9D7CCB98}"
EndProject
Project("{9A19103F-16F7-4668-BE54-9A1E7A4F7556}") = "Blogging.API", "Services\Blogging\Blogging.API\Blogging.API.csproj", "{B4D18FFC-38E8-44C3-8CFA-D09AE1173CAD}"
EndProject
Project("{2150E333-8FDC-42A3-9474-1A3956D46DE8}") = "Identity", "Identity", "{84BCF21C-67D9-48DE-8C44-BC5DAFBE12BE}"
EndProject
Project("{9A19103F-16F7-4668-BE54-9A1E7A4F7556}") = "Identity.API", "Services\Identity\Identity.API\Identity.API.csproj", "{0798A9C9-B58A-43F3-B112-DC577D136136}"
EndProject
Project("{2150E333-8FDC-42A3-9474-1A3956D46DE8}") = "Gateways", "Gateways", "{D7E4609E-3FED-41EA-8BF7-B242D2900C61}"
EndProject
Project("{9A19103F-16F7-4668-BE54-9A1E7A4F7556}") = "WebGateway.API", "Gateways\WebGateway.API\WebGateway.API.csproj", "{FAE779A1-72F2-474F-BCDE-934F3CDC8DAE}"
EndProject
Project("{9A19103F-16F7-4668-BE54-9A1E7A4F7556}") = "Blogging.Domain", "Services\Blogging\Blogging.Domain\Blogging.Domain.csproj", "{C9086D9F-3A29-46B7-BA5C-F399D1FCD1E5}"
EndProject
Project("{FAE04EC0-301F-11D3-BF4B-00C04F79EFBC}") = "Blogging.Infrastructure", "Services\Blogging\Blogging.Infrastructure\Blogging.Infrastructure.csproj", "{264C49D7-CFCF-47A4-B186-CBE878F6A17B}"
EndProject
Project("{2150E333-8FDC-42A3-9474-1A3956D46DE8}") = "Authorization", "Authorization", "{C261596F-E9CB-4E24-BD65-725B92D811D6}"
EndProject
Project("{FAE04EC0-301F-11D3-BF4B-00C04F79EFBC}") = "Authorization.API", "Services\Authorization\Authorization.API\Authorization.API.csproj", "{0910B6D5-23EF-4EE6-86AA-B65E7932DA37}"
EndProject
Global
	GlobalSection(SolutionConfigurationPlatforms) = preSolution
		Debug|Any CPU = Debug|Any CPU
		Release|Any CPU = Release|Any CPU
	EndGlobalSection
	GlobalSection(ProjectConfigurationPlatforms) = postSolution
		{0AD3C86F-3065-4E3F-86A5-12186855EDF9}.Debug|Any CPU.ActiveCfg = Debug|Any CPU
		{0AD3C86F-3065-4E3F-86A5-12186855EDF9}.Debug|Any CPU.Build.0 = Debug|Any CPU
		{0AD3C86F-3065-4E3F-86A5-12186855EDF9}.Release|Any CPU.ActiveCfg = Release|Any CPU
		{0AD3C86F-3065-4E3F-86A5-12186855EDF9}.Release|Any CPU.Build.0 = Release|Any CPU
		{B4D18FFC-38E8-44C3-8CFA-D09AE1173CAD}.Debug|Any CPU.ActiveCfg = Debug|Any CPU
		{B4D18FFC-38E8-44C3-8CFA-D09AE1173CAD}.Debug|Any CPU.Build.0 = Debug|Any CPU
		{B4D18FFC-38E8-44C3-8CFA-D09AE1173CAD}.Release|Any CPU.ActiveCfg = Release|Any CPU
		{B4D18FFC-38E8-44C3-8CFA-D09AE1173CAD}.Release|Any CPU.Build.0 = Release|Any CPU
		{0798A9C9-B58A-43F3-B112-DC577D136136}.Debug|Any CPU.ActiveCfg = Debug|Any CPU
		{0798A9C9-B58A-43F3-B112-DC577D136136}.Debug|Any CPU.Build.0 = Debug|Any CPU
		{0798A9C9-B58A-43F3-B112-DC577D136136}.Release|Any CPU.ActiveCfg = Release|Any CPU
		{0798A9C9-B58A-43F3-B112-DC577D136136}.Release|Any CPU.Build.0 = Release|Any CPU
		{FAE779A1-72F2-474F-BCDE-934F3CDC8DAE}.Debug|Any CPU.ActiveCfg = Debug|Any CPU
		{FAE779A1-72F2-474F-BCDE-934F3CDC8DAE}.Debug|Any CPU.Build.0 = Debug|Any CPU
		{FAE779A1-72F2-474F-BCDE-934F3CDC8DAE}.Release|Any CPU.ActiveCfg = Release|Any CPU
		{FAE779A1-72F2-474F-BCDE-934F3CDC8DAE}.Release|Any CPU.Build.0 = Release|Any CPU
		{C9086D9F-3A29-46B7-BA5C-F399D1FCD1E5}.Debug|Any CPU.ActiveCfg = Debug|Any CPU
		{C9086D9F-3A29-46B7-BA5C-F399D1FCD1E5}.Debug|Any CPU.Build.0 = Debug|Any CPU
		{C9086D9F-3A29-46B7-BA5C-F399D1FCD1E5}.Release|Any CPU.ActiveCfg = Release|Any CPU
		{C9086D9F-3A29-46B7-BA5C-F399D1FCD1E5}.Release|Any CPU.Build.0 = Release|Any CPU
		{264C49D7-CFCF-47A4-B186-CBE878F6A17B}.Debug|Any CPU.ActiveCfg = Debug|Any CPU
		{264C49D7-CFCF-47A4-B186-CBE878F6A17B}.Debug|Any CPU.Build.0 = Debug|Any CPU
		{264C49D7-CFCF-47A4-B186-CBE878F6A17B}.Release|Any CPU.ActiveCfg = Release|Any CPU
		{264C49D7-CFCF-47A4-B186-CBE878F6A17B}.Release|Any CPU.Build.0 = Release|Any CPU
		{0910B6D5-23EF-4EE6-86AA-B65E7932DA37}.Debug|Any CPU.ActiveCfg = Debug|Any CPU
		{0910B6D5-23EF-4EE6-86AA-B65E7932DA37}.Debug|Any CPU.Build.0 = Debug|Any CPU
		{0910B6D5-23EF-4EE6-86AA-B65E7932DA37}.Release|Any CPU.ActiveCfg = Release|Any CPU
		{0910B6D5-23EF-4EE6-86AA-B65E7932DA37}.Release|Any CPU.Build.0 = Release|Any CPU
	EndGlobalSection
	GlobalSection(SolutionProperties) = preSolution
		HideSolutionNode = FALSE
	EndGlobalSection
	GlobalSection(NestedProjects) = preSolution
		{32577432-79A3-436B-BE28-54340CEEFF3E} = {14C6DD11-FD06-4A05-8886-F3477F9EF436}
		{0AD3C86F-3065-4E3F-86A5-12186855EDF9} = {32577432-79A3-436B-BE28-54340CEEFF3E}
		{D35F234C-633C-47AD-8ABB-4F5C9D7CCB98} = {14C6DD11-FD06-4A05-8886-F3477F9EF436}
		{B4D18FFC-38E8-44C3-8CFA-D09AE1173CAD} = {D35F234C-633C-47AD-8ABB-4F5C9D7CCB98}
		{84BCF21C-67D9-48DE-8C44-BC5DAFBE12BE} = {14C6DD11-FD06-4A05-8886-F3477F9EF436}
		{0798A9C9-B58A-43F3-B112-DC577D136136} = {84BCF21C-67D9-48DE-8C44-BC5DAFBE12BE}
		{FAE779A1-72F2-474F-BCDE-934F3CDC8DAE} = {D7E4609E-3FED-41EA-8BF7-B242D2900C61}
		{C9086D9F-3A29-46B7-BA5C-F399D1FCD1E5} = {D35F234C-633C-47AD-8ABB-4F5C9D7CCB98}
		{264C49D7-CFCF-47A4-B186-CBE878F6A17B} = {D35F234C-633C-47AD-8ABB-4F5C9D7CCB98}
		{C261596F-E9CB-4E24-BD65-725B92D811D6} = {14C6DD11-FD06-4A05-8886-F3477F9EF436}
		{0910B6D5-23EF-4EE6-86AA-B65E7932DA37} = {C261596F-E9CB-4E24-BD65-725B92D811D6}
	EndGlobalSection
	GlobalSection(ExtensibilityGlobals) = postSolution
		SolutionGuid = {61FC2AD3-FD08-4F32-A1F9-8D08B3731704}
	EndGlobalSection
EndGlobal
